
Microsoft Visual Studio Solution File, Format Version 12.00
# Visual Studio Version 16
VisualStudioVersion = 16.0.31402.337
MinimumVisualStudioVersion = 10.0.40219.1
Project("{FAE04EC0-301F-11D3-BF4B-00C04F79EFBC}") = "demoproject", "demoproject\demoproject.csproj", "{03A81B69-0AAB-4D10-A6A7-86DCAFDA65B6}"
EndProject
Global
	GlobalSection(SolutionConfigurationPlatforms) = preSolution
		Debug|Any CPU = Debug|Any CPU
		Release|Any CPU = Release|Any CPU
	EndGlobalSection
	GlobalSection(ProjectConfigurationPlatforms) = postSolution
		{03A81B69-0AAB-4D10-A6A7-86DCAFDA65B6}.Debug|Any CPU.ActiveCfg = Debug|Any CPU
		{03A81B69-0AAB-4D10-A6A7-86DCAFDA65B6}.Debug|Any CPU.Build.0 = Debug|Any CPU
		{03A81B69-0AAB-4D10-A6A7-86DCAFDA65B6}.Release|Any CPU.ActiveCfg = Release|Any CPU
		{03A81B69-0AAB-4D10-A6A7-86DCAFDA65B6}.Release|Any CPU.Build.0 = Release|Any CPU
	EndGlobalSection
	GlobalSection(SolutionProperties) = preSolution
		HideSolutionNode = FALSE
	EndGlobalSection
	GlobalSection(ExtensibilityGlobals) = postSolution
		SolutionGuid = {3118D0D4-C393-4B02-A1E9-6CE36FC1A302}
	EndGlobalSection
EndGlobal
